
Microsoft Visual Studio Solution File, Format Version 12.00
# Visual Studio Version 17
VisualStudioVersion = 17.3.32825.248
MinimumVisualStudioVersion = 10.0.40219.1
Project("{9A19103F-16F7-4668-BE54-9A1E7A4F7556}") = "ElectricalEntityLib", "ElectricalEntityLib\ElectricalEntityLib.csproj", "{B77368A9-CC19-496C-A48F-44DFFC685C6C}"
EndProject
Project("{9A19103F-16F7-4668-BE54-9A1E7A4F7556}") = "ElectricalDbSqliteLib", "ElectricalDbSqliteLib\ElectricalDbSqliteLib.csproj", "{0F4913E0-0A50-47A9-9341-2F4DDB40F7CF}"
EndProject
Project("{9A19103F-16F7-4668-BE54-9A1E7A4F7556}") = "ElectricalDbJetLib", "ElectricalDbJetLib\ElectricalDbJetLib.csproj", "{06629805-07E3-47C5-9596-DD2222D8AB50}"
EndProject
Project("{9A19103F-16F7-4668-BE54-9A1E7A4F7556}") = "AppDbTest", "AppDbTest\AppDbTest.csproj", "{98C3C4DB-58AA-45EB-81BD-AAA570B0AE17}"
EndProject
Project("{9A19103F-16F7-4668-BE54-9A1E7A4F7556}") = "DbTest", "DbTest\DbTest.csproj", "{56139D0A-0D59-4BB2-8D85-21A66EBF085F}"
EndProject
Global
	GlobalSection(SolutionConfigurationPlatforms) = preSolution
		Debug|Any CPU = Debug|Any CPU
		Release|Any CPU = Release|Any CPU
	EndGlobalSection
	GlobalSection(ProjectConfigurationPlatforms) = postSolution
		{B77368A9-CC19-496C-A48F-44DFFC685C6C}.Debug|Any CPU.ActiveCfg = Debug|Any CPU
		{B77368A9-CC19-496C-A48F-44DFFC685C6C}.Debug|Any CPU.Build.0 = Debug|Any CPU
		{B77368A9-CC19-496C-A48F-44DFFC685C6C}.Release|Any CPU.ActiveCfg = Release|Any CPU
		{B77368A9-CC19-496C-A48F-44DFFC685C6C}.Release|Any CPU.Build.0 = Release|Any CPU
		{0F4913E0-0A50-47A9-9341-2F4DDB40F7CF}.Debug|Any CPU.ActiveCfg = Debug|Any CPU
		{0F4913E0-0A50-47A9-9341-2F4DDB40F7CF}.Debug|Any CPU.Build.0 = Debug|Any CPU
		{0F4913E0-0A50-47A9-9341-2F4DDB40F7CF}.Release|Any CPU.ActiveCfg = Release|Any CPU
		{0F4913E0-0A50-47A9-9341-2F4DDB40F7CF}.Release|Any CPU.Build.0 = Release|Any CPU
		{06629805-07E3-47C5-9596-DD2222D8AB50}.Debug|Any CPU.ActiveCfg = Debug|Any CPU
		{06629805-07E3-47C5-9596-DD2222D8AB50}.Debug|Any CPU.Build.0 = Debug|Any CPU
		{06629805-07E3-47C5-9596-DD2222D8AB50}.Release|Any CPU.ActiveCfg = Release|Any CPU
		{06629805-07E3-47C5-9596-DD2222D8AB50}.Release|Any CPU.Build.0 = Release|Any CPU
		{98C3C4DB-58AA-45EB-81BD-AAA570B0AE17}.Debug|Any CPU.ActiveCfg = Debug|Any CPU
		{98C3C4DB-58AA-45EB-81BD-AAA570B0AE17}.Debug|Any CPU.Build.0 = Debug|Any CPU
		{98C3C4DB-58AA-45EB-81BD-AAA570B0AE17}.Release|Any CPU.ActiveCfg = Release|Any CPU
		{98C3C4DB-58AA-45EB-81BD-AAA570B0AE17}.Release|Any CPU.Build.0 = Release|Any CPU
		{56139D0A-0D59-4BB2-8D85-21A66EBF085F}.Debug|Any CPU.ActiveCfg = Debug|Any CPU
		{56139D0A-0D59-4BB2-8D85-21A66EBF085F}.Debug|Any CPU.Build.0 = Debug|Any CPU
		{56139D0A-0D59-4BB2-8D85-21A66EBF085F}.Release|Any CPU.ActiveCfg = Release|Any CPU
		{56139D0A-0D59-4BB2-8D85-21A66EBF085F}.Release|Any CPU.Build.0 = Release|Any CPU
	EndGlobalSection
	GlobalSection(SolutionProperties) = preSolution
		HideSolutionNode = FALSE
	EndGlobalSection
	GlobalSection(ExtensibilityGlobals) = postSolution
		SolutionGuid = {8709C833-6133-4038-96D1-50716C2B396D}
	EndGlobalSection
EndGlobal
